
Microsoft Visual Studio Solution File, Format Version 12.00
# Visual Studio Version 17
VisualStudioVersion = 17.6.33723.286
MinimumVisualStudioVersion = 10.0.40219.1
Project("{FAE04EC0-301F-11D3-BF4B-00C04F79EFBC}") = "HttpClientFunctionApp", "HttpClientFunctionApp.csproj", "{809E99A7-3F46-4BCD-B5BC-B9FDF850F521}"
EndProject
Global
	GlobalSection(SolutionConfigurationPlatforms) = preSolution
		Debug|Any CPU = Debug|Any CPU
		Release|Any CPU = Release|Any CPU
	EndGlobalSection
	GlobalSection(ProjectConfigurationPlatforms) = postSolution
		{809E99A7-3F46-4BCD-B5BC-B9FDF850F521}.Debug|Any CPU.ActiveCfg = Debug|Any CPU
		{809E99A7-3F46-4BCD-B5BC-B9FDF850F521}.Debug|Any CPU.Build.0 = Debug|Any CPU
		{809E99A7-3F46-4BCD-B5BC-B9FDF850F521}.Release|Any CPU.ActiveCfg = Release|Any CPU
		{809E99A7-3F46-4BCD-B5BC-B9FDF850F521}.Release|Any CPU.Build.0 = Release|Any CPU
	EndGlobalSection
	GlobalSection(SolutionProperties) = preSolution
		HideSolutionNode = FALSE
	EndGlobalSection
	GlobalSection(ExtensibilityGlobals) = postSolution
		SolutionGuid = {A4D5EED7-C2E2-445D-AB69-799EEE5BEA17}
	EndGlobalSection
EndGlobal
